{
  "requires": true,
  "lockfileVersion": 1,
  "dependencies": {
    "nexwave-wissen-greet": {
      "version": "2.0.0",
      "resolved": "https://registry.npmjs.org/nexwave-wissen-greet/-/nexwave-wissen-greet-2.0.0.tgz",
      "integrity": "sha512-szQ4jiPN18bLCUOVcdBBqDtpFHo6RYNkmgjjk7zUKtla1Lgkg76tpTdDs6VRIDF/o++Z8To6d8/Dh4pUrsw75A=="
    }
  }
}
